
Microsoft Visual Studio Solution File, Format Version 12.00
# Visual Studio Version 17
VisualStudioVersion = 17.8.34408.163
MinimumVisualStudioVersion = 10.0.40219.1
Project("{FAE04EC0-301F-11D3-BF4B-00C04F79EFBC}") = "SpecflowSeleniumPOM_Demo", "SpecflowSeleniumPOM_Demo\SpecflowSeleniumPOM_Demo.csproj", "{CAADF530-9976-468B-AC38-E039C322837E}"
EndProject
Global
	GlobalSection(SolutionConfigurationPlatforms) = preSolution
		Debug|Any CPU = Debug|Any CPU
		Release|Any CPU = Release|Any CPU
	EndGlobalSection
	GlobalSection(ProjectConfigurationPlatforms) = postSolution
		{CAADF530-9976-468B-AC38-E039C322837E}.Debug|Any CPU.ActiveCfg = Debug|Any CPU
		{CAADF530-9976-468B-AC38-E039C322837E}.Debug|Any CPU.Build.0 = Debug|Any CPU
		{CAADF530-9976-468B-AC38-E039C322837E}.Release|Any CPU.ActiveCfg = Release|Any CPU
		{CAADF530-9976-468B-AC38-E039C322837E}.Release|Any CPU.Build.0 = Release|Any CPU
	EndGlobalSection
	GlobalSection(SolutionProperties) = preSolution
		HideSolutionNode = FALSE
	EndGlobalSection
	GlobalSection(ExtensibilityGlobals) = postSolution
		SolutionGuid = {C3C1B79B-F6FD-46FA-86C5-D2984E9FE968}
	EndGlobalSection
EndGlobal
